Microsoft Visual Studio Solution File, Format Version 12.00
# Visual Studio Version 17
VisualStudioVersion = 17.5.2.0
MinimumVisualStudioVersion = 10.0.40219.1
Project("{FAE04EC0-301F-11D3-BF4B-00C04F79EFBC}") = "tip-convert", "tip-convert.csproj", "{47BAC8C9-098F-C45B-7F10-7CE5EF84B032}"
EndProject
Global
	GlobalSection(SolutionConfigurationPlatforms) = preSolution
		Debug|Any CPU = Debug|Any CPU
		Release|Any CPU = Release|Any CPU
	EndGlobalSection
	GlobalSection(ProjectConfigurationPlatforms) = postSolution
		{47BAC8C9-098F-C45B-7F10-7CE5EF84B032}.Debug|Any CPU.ActiveCfg = Debug|Any CPU
		{47BAC8C9-098F-C45B-7F10-7CE5EF84B032}.Debug|Any CPU.Build.0 = Debug|Any CPU
		{47BAC8C9-098F-C45B-7F10-7CE5EF84B032}.Release|Any CPU.ActiveCfg = Release|Any CPU
		{47BAC8C9-098F-C45B-7F10-7CE5EF84B032}.Release|Any CPU.Build.0 = Release|Any CPU
	EndGlobalSection
	GlobalSection(SolutionProperties) = preSolution
		HideSolutionNode = FALSE
	EndGlobalSection
	GlobalSection(ExtensibilityGlobals) = postSolution
		SolutionGuid = {895E2C8B-6EA7-4DDF-BDFB-27829C2FDE7A}
	EndGlobalSection
EndGlobal
